
Microsoft Visual Studio Solution File, Format Version 12.00
# Visual Studio Version 16
VisualStudioVersion = 16.0.31624.102
MinimumVisualStudioVersion = 10.0.40219.1
Project("{FAE04EC0-301F-11D3-BF4B-00C04F79EFBC}") = "BotPVU", "BotPVU\BotPVU.csproj", "{FC9552D2-506C-4BD5-B052-534E5F4AEF64}"
EndProject
Global
	GlobalSection(SolutionConfigurationPlatforms) = preSolution
		Debug|Any CPU = Debug|Any CPU
		Release|Any CPU = Release|Any CPU
	EndGlobalSection
	GlobalSection(ProjectConfigurationPlatforms) = postSolution
		{FC9552D2-506C-4BD5-B052-534E5F4AEF64}.Debug|Any CPU.ActiveCfg = Debug|Any CPU
		{FC9552D2-506C-4BD5-B052-534E5F4AEF64}.Debug|Any CPU.Build.0 = Debug|Any CPU
		{FC9552D2-506C-4BD5-B052-534E5F4AEF64}.Release|Any CPU.ActiveCfg = Release|Any CPU
		{FC9552D2-506C-4BD5-B052-534E5F4AEF64}.Release|Any CPU.Build.0 = Release|Any CPU
	EndGlobalSection
	GlobalSection(SolutionProperties) = preSolution
		HideSolutionNode = FALSE
	EndGlobalSection
	GlobalSection(ExtensibilityGlobals) = postSolution
		SolutionGuid = {99910EDC-AED9-48EA-9D9A-BD7DE3F13418}
	EndGlobalSection
EndGlobal
